
Microsoft Visual Studio Solution File, Format Version 12.00
# Visual Studio Version 17
VisualStudioVersion = 17.5.33530.505
MinimumVisualStudioVersion = 10.0.40219.1
Project("{FAE04EC0-301F-11D3-BF4B-00C04F79EFBC}") = "RecorderDiary", "RecorderDiary\RecorderDiary.csproj", "{D7AABC38-B0D8-4105-ACDF-E20C1DC82BBF}"
EndProject
Global
	GlobalSection(SolutionConfigurationPlatforms) = preSolution
		Debug|Any CPU = Debug|Any CPU
		Release|Any CPU = Release|Any CPU
	EndGlobalSection
	GlobalSection(ProjectConfigurationPlatforms) = postSolution
		{D7AABC38-B0D8-4105-ACDF-E20C1DC82BBF}.Debug|Any CPU.ActiveCfg = Debug|Any CPU
		{D7AABC38-B0D8-4105-ACDF-E20C1DC82BBF}.Debug|Any CPU.Build.0 = Debug|Any CPU
		{D7AABC38-B0D8-4105-ACDF-E20C1DC82BBF}.Release|Any CPU.ActiveCfg = Release|Any CPU
		{D7AABC38-B0D8-4105-ACDF-E20C1DC82BBF}.Release|Any CPU.Build.0 = Release|Any CPU
	EndGlobalSection
	GlobalSection(SolutionProperties) = preSolution
		HideSolutionNode = FALSE
	EndGlobalSection
	GlobalSection(ExtensibilityGlobals) = postSolution
		SolutionGuid = {96335A49-9AA8-4043-86B5-9AB6808DF6E2}
	EndGlobalSection
EndGlobal
